
Microsoft Visual Studio Solution File, Format Version 12.00
# Visual Studio Version 17
VisualStudioVersion = 17.6.33829.357
MinimumVisualStudioVersion = 10.0.40219.1
Project("{FAE04EC0-301F-11D3-BF4B-00C04F79EFBC}") = "Confa_po_bezopastnosti", "Confa_po_bezopastnosti\Confa_po_bezopastnosti.csproj", "{23ED6EAF-D00A-4F24-B7FF-B11EB74A74A9}"
EndProject
Global
	GlobalSection(SolutionConfigurationPlatforms) = preSolution
		Debug|Any CPU = Debug|Any CPU
		Release|Any CPU = Release|Any CPU
	EndGlobalSection
	GlobalSection(ProjectConfigurationPlatforms) = postSolution
		{23ED6EAF-D00A-4F24-B7FF-B11EB74A74A9}.Debug|Any CPU.ActiveCfg = Debug|Any CPU
		{23ED6EAF-D00A-4F24-B7FF-B11EB74A74A9}.Debug|Any CPU.Build.0 = Debug|Any CPU
		{23ED6EAF-D00A-4F24-B7FF-B11EB74A74A9}.Release|Any CPU.ActiveCfg = Release|Any CPU
		{23ED6EAF-D00A-4F24-B7FF-B11EB74A74A9}.Release|Any CPU.Build.0 = Release|Any CPU
	EndGlobalSection
	GlobalSection(SolutionProperties) = preSolution
		HideSolutionNode = FALSE
	EndGlobalSection
	GlobalSection(ExtensibilityGlobals) = postSolution
		SolutionGuid = {7D5194DB-129B-413D-BA24-E04A89F0EF6A}
	EndGlobalSection
EndGlobal
